
Microsoft Visual Studio Solution File, Format Version 12.00
# Visual Studio 15
VisualStudioVersion = 15.0.27428.2015
MinimumVisualStudioVersion = 10.0.40219.1
Project("{8BC9CEB8-8B4A-11D0-8D11-00A0C91BC942}") = "DNS-Relay-Server", "DNS-Relay-Server.vcxproj", "{0A183EE0-BD65-44BB-90D4-200946DB8E96}"
EndProject
Global
	GlobalSection(SolutionConfigurationPlatforms) = preSolution
		Debug|x64 = Debug|x64
		Debug|x86 = Debug|x86
		Release|x64 = Release|x64
		Release|x86 = Release|x86
	EndGlobalSection
	GlobalSection(ProjectConfigurationPlatforms) = postSolution
		{0A183EE0-BD65-44BB-90D4-200946DB8E96}.Debug|x64.ActiveCfg = Release|x64
		{0A183EE0-BD65-44BB-90D4-200946DB8E96}.Debug|x64.Build.0 = Release|x64
		{0A183EE0-BD65-44BB-90D4-200946DB8E96}.Debug|x86.ActiveCfg = Release|Win32
		{0A183EE0-BD65-44BB-90D4-200946DB8E96}.Debug|x86.Build.0 = Release|Win32
		{0A183EE0-BD65-44BB-90D4-200946DB8E96}.Release|x64.ActiveCfg = Release|x64
		{0A183EE0-BD65-44BB-90D4-200946DB8E96}.Release|x64.Build.0 = Release|x64
		{0A183EE0-BD65-44BB-90D4-200946DB8E96}.Release|x86.ActiveCfg = Release|Win32
		{0A183EE0-BD65-44BB-90D4-200946DB8E96}.Release|x86.Build.0 = Release|Win32
	EndGlobalSection
	GlobalSection(SolutionProperties) = preSolution
		HideSolutionNode = FALSE
	EndGlobalSection
	GlobalSection(ExtensibilityGlobals) = postSolution
		SolutionGuid = {23635693-656E-4C55-921F-44889A7742AF}
	EndGlobalSection
EndGlobal
